
Microsoft Visual Studio Solution File, Format Version 12.00
# Visual Studio 15
VisualStudioVersion = 15.0.28010.2016
MinimumVisualStudioVersion = 10.0.40219.1
Project("{FAE04EC0-301F-11D3-BF4B-00C04F79EFBC}") = "QuizApp", "QuizApp\QuizApp.csproj", "{22D3CA69-18F9-408E-8C9A-D893634DAA95}"
EndProject
Project("{2150E333-8FDC-42A3-9474-1A3956D46DE8}") = "API", "API", "{3C95CFE8-A90E-4BB8-BDFF-FE29931BC4E1}"
EndProject
Global
	GlobalSection(SolutionConfigurationPlatforms) = preSolution
		Debug|Any CPU = Debug|Any CPU
		Release|Any CPU = Release|Any CPU
	EndGlobalSection
	GlobalSection(ProjectConfigurationPlatforms) = postSolution
		{22D3CA69-18F9-408E-8C9A-D893634DAA95}.Debug|Any CPU.ActiveCfg = Debug|Any CPU
		{22D3CA69-18F9-408E-8C9A-D893634DAA95}.Debug|Any CPU.Build.0 = Debug|Any CPU
		{22D3CA69-18F9-408E-8C9A-D893634DAA95}.Release|Any CPU.ActiveCfg = Release|Any CPU
		{22D3CA69-18F9-408E-8C9A-D893634DAA95}.Release|Any CPU.Build.0 = Release|Any CPU
	EndGlobalSection
	GlobalSection(SolutionProperties) = preSolution
		HideSolutionNode = FALSE
	EndGlobalSection
	GlobalSection(NestedProjects) = preSolution
		{22D3CA69-18F9-408E-8C9A-D893634DAA95} = {3C95CFE8-A90E-4BB8-BDFF-FE29931BC4E1}
	EndGlobalSection
	GlobalSection(ExtensibilityGlobals) = postSolution
		SolutionGuid = {9E671BDD-6DFA-4A9C-A30F-BA0965DA3BB7}
	EndGlobalSection
EndGlobal
